
Microsoft Visual Studio Solution File, Format Version 12.00
# Visual Studio Version 17
VisualStudioVersion = 17.6.33829.357
MinimumVisualStudioVersion = 10.0.40219.1
Project("{FAE04EC0-301F-11D3-BF4B-00C04F79EFBC}") = "tinderr", "tinderr.csproj", "{D6C34FF3-72A9-4C2D-8C9C-90D8B1BAF6F6}"
EndProject
Global
	GlobalSection(SolutionConfigurationPlatforms) = preSolution
		Debug|Any CPU = Debug|Any CPU
		Release|Any CPU = Release|Any CPU
	EndGlobalSection
	GlobalSection(ProjectConfigurationPlatforms) = postSolution
		{D6C34FF3-72A9-4C2D-8C9C-90D8B1BAF6F6}.Debug|Any CPU.ActiveCfg = Debug|Any CPU
		{D6C34FF3-72A9-4C2D-8C9C-90D8B1BAF6F6}.Debug|Any CPU.Build.0 = Debug|Any CPU
		{D6C34FF3-72A9-4C2D-8C9C-90D8B1BAF6F6}.Release|Any CPU.ActiveCfg = Release|Any CPU
		{D6C34FF3-72A9-4C2D-8C9C-90D8B1BAF6F6}.Release|Any CPU.Build.0 = Release|Any CPU
	EndGlobalSection
	GlobalSection(SolutionProperties) = preSolution
		HideSolutionNode = FALSE
	EndGlobalSection
	GlobalSection(ExtensibilityGlobals) = postSolution
		SolutionGuid = {940C9BAE-E861-4931-9633-86DABCFB9E1C}
	EndGlobalSection
EndGlobal
